# This file is autogenerated, do not edit; changes may be undone by the next 'dep ensure'.


[[projects]]
  digest = "1:342378ac4dcb378a5448dd723f0784ae519383532f5e70ade24132c4c8693202"
  name = "github.com/go-yaml/yaml"
  packages = ["."]
  pruneopts = "UT"
  revision = "5420a8b6744d3b0345ab293f6fcba19c978f1183"
  version = "v2.2.1"

[[projects]]
  branch = "master"
  digest = "1:aa3d8d42865c42626b5c1add193692d045b3188b1479f0a0a88690d21fe20083"
  name = "github.com/mailru/easyjson"
  packages = [
    ".",
    "buffer",
    "jlexer",
    "jwriter",
  ]
  pruneopts = "UT"
  revision = "60711f1a8329503b04e1c88535f419d0bb440bff"

[[projects]]
  digest = "1:605ac81d35c5ce7c33b6937ca081cd5ebd6a3051867b32afa08883af5113ce69"
  name = "github.com/olivere/elastic"
  packages = [
    ".",
    "config",
    "uritemplates",
  ]
  pruneopts = "UT"
  revision = "7c7a23ca147ace22f386500828b95e9cb226f87f"
  version = "v6.2.6"

[[projects]]
  digest = "1:40e195917a951a8bf867cd05de2a46aaf1806c50cf92eebf4c16f78cd196f747"
  name = "github.com/pkg/errors"
  packages = ["."]
  pruneopts = "UT"
  revision = "645ef00459ed84a119197bfb8d8205042c6df63d"
  version = "v0.8.0"

[[projects]]
  digest = "1:6342a41a66687c0d0eb1f4d946447bfb808c5136adeb92903ed07972071e19ac"
  name = "github.com/rs/zerolog"
  packages = [
    ".",
    "internal/cbor",
    "internal/json",
    "log",
  ]
  pruneopts = "UT"
  revision = "338f9bc14084d22cb8eeacd6492861f8449d715c"
  version = "v1.9.1"

[[projects]]
  branch = "master"
  digest = "1:b71eb6ea46bd52fc536b9b88ea26aa88d23d0af779b40515433643ecd9c5940b"
  name = "github.com/tidwall/redcon"
  packages = ["."]
  pruneopts = "UT"
  revision = "56b016127ae730019c5e3073a413ad9526440c38"

[[projects]]
  branch = "master"
  digest = "1:7d0567633cc43c6981b87317a813c944f34b8f89dfddaf0844f8dd1c5e9aa328"
  name = "github.com/yankeguo/byteline"
  packages = ["."]
  pruneopts = "UT"
  revision = "a291935bab7a2581d11f04d536b36576bce2d760"

[solve-meta]
  analyzer-name = "dep"
  analyzer-version = 1
  input-imports = [
    "github.com/go-yaml/yaml",
    "github.com/olivere/elastic",
    "github.com/pkg/errors",
    "github.com/rs/zerolog",
    "github.com/rs/zerolog/log",
    "github.com/tidwall/redcon",
    "github.com/yankeguo/byteline",
  ]
  solver-name = "gps-cdcl"
  solver-version = 1
